{
  "name": "miniprogram-3",
  "version": "1.0.0",
  "lockfileVersion": 1,
  "requires": true,
  "dependencies": {
    "@paddlejs/paddlejs-backend-webgl": {
      "version": "1.1.15",
      "resolved": "https://registry.npmjs.org/@paddlejs/paddlejs-backend-webgl/-/paddlejs-backend-webgl-1.1.15.tgz",
      "integrity": "sha512-41QOnNTlChVno1/cemuCKMURP3YvjrcyOMS009eHUHufZwo3yIe9iwdZPYPkRtbE91aATmhJKaSGkQi+4WAynQ=="
    },
    "@paddlejs/paddlejs-core": {
      "version": "2.1.14",
      "resolved": "https://registry.npmjs.org/@paddlejs/paddlejs-core/-/paddlejs-core-2.1.14.tgz",
      "integrity": "sha512-dqgAH7vrxLiHWb+8RqbS949hxbMQeYWVK/mujkwvw+PaJXOejbfHzs6snDeyuvsq27VZGuUvhEY4bNMk/BE6uw=="
    }
  }
}
